
Microsoft Visual Studio Solution File, Format Version 9.00
# Visual Studio 2005
Project("{8BC9CEB8-8B4A-11D0-8D11-00A0C91BC942}") = "Core3D", "Core3D\Core3D.vcproj", "{138545D4-D8A9-44BF-B282-F01EDE78DDFD}"
EndProject
Project("{8BC9CEB8-8B4A-11D0-8D11-00A0C91BC942}") = "Sample_Checkboard", "Sample_Checkboard\Sample_Checkboard.vcproj", "{37998280-1C59-4440-BB09-FA7DE26035C8}"
EndProject
Global
	GlobalSection(SolutionConfigurationPlatforms) = preSolution
		Debug|Win32 = Debug|Win32
		Release|Win32 = Release|Win32
	EndGlobalSection
	GlobalSection(ProjectConfigurationPlatforms) = postSolution
		{138545D4-D8A9-44BF-B282-F01EDE78DDFD}.Debug|Win32.ActiveCfg = Debug|Win32
		{138545D4-D8A9-44BF-B282-F01EDE78DDFD}.Debug|Win32.Build.0 = Debug|Win32
		{138545D4-D8A9-44BF-B282-F01EDE78DDFD}.Release|Win32.ActiveCfg = Release|Win32
		{138545D4-D8A9-44BF-B282-F01EDE78DDFD}.Release|Win32.Build.0 = Release|Win32
		{37998280-1C59-4440-BB09-FA7DE26035C8}.Debug|Win32.ActiveCfg = Debug|Win32
		{37998280-1C59-4440-BB09-FA7DE26035C8}.Debug|Win32.Build.0 = Debug|Win32
		{37998280-1C59-4440-BB09-FA7DE26035C8}.Release|Win32.ActiveCfg = Release|Win32
		{37998280-1C59-4440-BB09-FA7DE26035C8}.Release|Win32.Build.0 = Release|Win32
	EndGlobalSection
	GlobalSection(SolutionProperties) = preSolution
		HideSolutionNode = FALSE
	EndGlobalSection
EndGlobal
